
Microsoft Visual Studio Solution File, Format Version 12.00
# Visual Studio Version 16
VisualStudioVersion = 16.0.31515.178
MinimumVisualStudioVersion = 10.0.40219.1
Project("{9A19103F-16F7-4668-BE54-9A1E7A4F7556}") = "BlazorApp", "BlazorApp.csproj", "{98771F1F-DEA4-4BB5-B29A-7B46460F352D}"
EndProject
Global
	GlobalSection(SolutionConfigurationPlatforms) = preSolution
		Debug|Any CPU = Debug|Any CPU
		Release|Any CPU = Release|Any CPU
	EndGlobalSection
	GlobalSection(ProjectConfigurationPlatforms) = postSolution
		{98771F1F-DEA4-4BB5-B29A-7B46460F352D}.Debug|Any CPU.ActiveCfg = Debug|Any CPU
		{98771F1F-DEA4-4BB5-B29A-7B46460F352D}.Debug|Any CPU.Build.0 = Debug|Any CPU
		{98771F1F-DEA4-4BB5-B29A-7B46460F352D}.Release|Any CPU.ActiveCfg = Release|Any CPU
		{98771F1F-DEA4-4BB5-B29A-7B46460F352D}.Release|Any CPU.Build.0 = Release|Any CPU
	EndGlobalSection
	GlobalSection(SolutionProperties) = preSolution
		HideSolutionNode = FALSE
	EndGlobalSection
	GlobalSection(ExtensibilityGlobals) = postSolution
		SolutionGuid = {DF142AC2-EDB8-422E-932A-1590A47D8DE2}
	EndGlobalSection
EndGlobal
